// !$*UTF8*$!
{
	archiveVersion = 1;
	classes = {
	};
	objectVersion = 55;
	objects = {

/* Begin PBXBuildFile section */
		B0B0FD5C28A0A5D8006C7605 /* GreeterTests.m in Sources */ = {isa = PBXBuildFile; fileRef = B0B0FD5B28A0A5D8006C7605 /* GreeterTests.m */; };
		B0C274BC289CC3D10050B192 /* AppDelegate.m in Sources */ = {isa = PBXBuildFile; fileRef = B0C274BB289CC3D10050B192 /* AppDelegate.m */; };
		B0C274BF289CC3D10050B192 /* SceneDelegate.m in Sources */ = {isa = PBXBuildFile; fileRef = B0C274BE289CC3D10050B192 /* SceneDelegate.m */; };
		B0C274C2289CC3D10050B192 /* ViewController.m in Sources */ = {isa = PBXBuildFile; fileRef = B0C274C1289CC3D10050B192 /* ViewController.m */; };
		B0C274C5289CC3D10050B192 /* Main.storyboard in Resources */ = {isa = PBXBuildFile; fileRef = B0C274C3289CC3D10050B192 /* Main.storyboard */; };
		B0C274C7289CC3D80050B192 /* Assets.xcassets in Resources */ = {isa = PBXBuildFile; fileRef = B0C274C6289CC3D80050B192 /* Assets.xcassets */; };
		B0C274CA289CC3D80050B192 /* LaunchScreen.storyboard in Resources */ = {isa = PBXBuildFile; fileRef = B0C274C8289CC3D80050B192 /* LaunchScreen.storyboard */; };
		B0C274CD289CC3D80050B192 /* main.m in Sources */ = {isa = PBXBuildFile; fileRef = B0C274CC289CC3D80050B192 /* main.m */; };
		B0C274D7289CC3D80050B192 /* MyGreeterTests.m in Sources */ = {isa = PBXBuildFile; fileRef = B0C274D6289CC3D80050B192 /* MyGreeterTests.m */; };
		B0C274E1289CC3D80050B192 /* MyGreeterUITests.m in Sources */ = {isa = PBXBuildFile; fileRef = B0C274E0289CC3D80050B192 /* MyGreeterUITests.m */; };
		B0C274E3289CC3D80050B192 /* MyGreeterUITestsLaunchTests.m in Sources */ = {isa = PBXBuildFile; fileRef = B0C274E2289CC3D80050B192 /* MyGreeterUITestsLaunchTests.m */; };
		B0C274F1289CC4BD0050B192 /* MyGreeter.m in Sources */ = {isa = PBXBuildFile; fileRef = B0C274F0289CC4BD0050B192 /* MyGreeter.m */; };
/* End PBXBuildFile section */

/* Begin PBXContainerItemProxy section */
		B0C274D3289CC3D80050B192 /* PBXContainerItemProxy */ = {
			isa = PBXContainerItemProxy;
			containerPortal = B0C274AF289CC3D00050B192 /* Project object */;
			proxyType = 1;
			remoteGlobalIDString = B0C274B6289CC3D10050B192;
			remoteInfo = MyGreeter;
		};
		B0C274DD289CC3D80050B192 /* PBXContainerItemProxy */ = {
			isa = PBXContainerItemProxy;
			containerPortal = B0C274AF289CC3D00050B192 /* Project object */;
			proxyType = 1;
			remoteGlobalIDString = B0C274B6289CC3D10050B192;
			remoteInfo = MyGreeter;
		};
/* End PBXContainerItemProxy section */

/* Begin PBXFileReference section */
		B0B0FD5B28A0A5D8006C7605 /* GreeterTests.m */ = {isa = PBXFileReference; lastKnownFileType = sourcecode.c.objc; path = GreeterTests.m; sourceTree = "<group>"; };
		B0C274B7289CC3D10050B192 /* MyGreeter.app */ = {isa = PBXFileReference; explicitFileType = wrapper.application; includeInIndex = 0; path = MyGreeter.app; sourceTree = BUILT_PRODUCTS_DIR; };
		B0C274BA289CC3D10050B192 /* AppDelegate.h */ = {isa = PBXFileReference; lastKnownFileType = sourcecode.c.h; path = AppDelegate.h; sourceTree = "<group>"; };
		B0C274BB289CC3D10050B192 /* AppDelegate.m */ = {isa = PBXFileReference; lastKnownFileType = sourcecode.c.objc; path = AppDelegate.m; sourceTree = "<group>"; };
		B0C274BD289CC3D10050B192 /* SceneDelegate.h */ = {isa = PBXFileReference; lastKnownFileType = sourcecode.c.h; path = SceneDelegate.h; sourceTree = "<group>"; };
		B0C274BE289CC3D10050B192 /* SceneDelegate.m */ = {isa = PBXFileReference; lastKnownFileType = sourcecode.c.objc; path = SceneDelegate.m; sourceTree = "<group>"; };
		B0C274C0289CC3D10050B192 /* ViewController.h */ = {isa = PBXFileReference; lastKnownFileType = sourcecode.c.h; path = ViewController.h; sourceTree = "<group>"; };
		B0C274C1289CC3D10050B192 /* ViewController.m */ = {isa = PBXFileReference; lastKnownFileType = sourcecode.c.objc; path = ViewController.m; sourceTree = "<group>"; };
		B0C274C4289CC3D10050B192 /* Base */ = {isa = PBXFileReference; lastKnownFileType = file.storyboard; name = Base; path = Base.lproj/Main.storyboard; sourceTree = "<group>"; };
		B0C274C6289CC3D80050B192 /* Assets.xcassets */ = {isa = PBXFileReference; lastKnownFileType = folder.assetcatalog; path = Assets.xcassets; sourceTree = "<group>"; };
		B0C274C9289CC3D80050B192 /* Base */ = {isa = PBXFileReference; lastKnownFileType = file.storyboard; name = Base; path = Base.lproj/LaunchScreen.storyboard; sourceTree = "<group>"; };
		B0C274CB289CC3D80050B192 /* Info.plist */ = {isa = PBXFileReference; lastKnownFileType = text.plist.xml; path = Info.plist; sourceTree = "<group>"; };
		B0C274CC289CC3D80050B192 /* main.m */ = {isa = PBXFileReference; lastKnownFileType = sourcecode.c.objc; path = main.m; sourceTree = "<group>"; };
		B0C274D2289CC3D80050B192 /* MyGreeterTests.xctest */ = {isa = PBXFileReference; explicitFileType = wrapper.cfbundle; includeInIndex = 0; path = MyGreeterTests.xctest; sourceTree = BUILT_PRODUCTS_DIR; };
		B0C274D6289CC3D80050B192 /* MyGreeterTests.m */ = {isa = PBXFileReference; lastKnownFileType = sourcecode.c.objc; path = MyGreeterTests.m; sourceTree = "<group>"; };
		B0C274DC289CC3D80050B192 /* MyGreeterUITests.xctest */ = {isa = PBXFileReference; explicitFileType = wrapper.cfbundle; includeInIndex = 0; path = MyGreeterUITests.xctest; sourceTree = BUILT_PRODUCTS_DIR; };
		B0C274E0289CC3D80050B192 /* MyGreeterUITests.m */ = {isa = PBXFileReference; lastKnownFileType = sourcecode.c.objc; path = MyGreeterUITests.m; sourceTree = "<group>"; };
		B0C274E2289CC3D80050B192 /* MyGreeterUITestsLaunchTests.m */ = {isa = PBXFileReference; lastKnownFileType = sourcecode.c.objc; path = MyGreeterUITestsLaunchTests.m; sourceTree = "<group>"; };
		B0C274EF289CC4BD0050B192 /* MyGreeter.h */ = {isa = PBXFileReference; lastKnownFileType = sourcecode.c.h; path = MyGreeter.h; sourceTree = "<group>"; };
		B0C274F0289CC4BD0050B192 /* MyGreeter.m */ = {isa = PBXFileReference; lastKnownFileType = sourcecode.c.objc; path = MyGreeter.m; sourceTree = "<group>"; };
/* End PBXFileReference section */

/* Begin PBXFrameworksBuildPhase section */
		B0C274B4289CC3D10050B192 /* Frameworks */ = {
			isa = PBXFrameworksBuildPhase;
			buildActionMask = 2147483647;
			files = (
			);
			runOnlyForDeploymentPostprocessing = 0;
		};
		B0C274CF289CC3D80050B192 /* Frameworks */ = {
			isa = PBXFrameworksBuildPhase;
			buildActionMask = 2147483647;
			files = (
			);
			runOnlyForDeploymentPostprocessing = 0;
		};
		B0C274D9289CC3D80050B192 /* Frameworks */ = {
			isa = PBXFrameworksBuildPhase;
			buildActionMask = 2147483647;
			files = (
			);
			runOnlyForDeploymentPostprocessing = 0;
		};
/* End PBXFrameworksBuildPhase section */

/* Begin PBXGroup section */
		B0C274AE289CC3D00050B192 = {
			isa = PBXGroup;
			children = (
				B0C274B9289CC3D10050B192 /* MyGreeter */,
				B0C274D5289CC3D80050B192 /* MyGreeterTests */,
				B0C274DF289CC3D80050B192 /* MyGreeterUITests */,
				B0C274B8289CC3D10050B192 /* Products */,
			);
			sourceTree = "<group>";
		};
		B0C274B8289CC3D10050B192 /* Products */ = {
			isa = PBXGroup;
			children = (
				B0C274B7289CC3D10050B192 /* MyGreeter.app */,
				B0C274D2289CC3D80050B192 /* MyGreeterTests.xctest */,
				B0C274DC289CC3D80050B192 /* MyGreeterUITests.xctest */,
			);
			name = Products;
			sourceTree = "<group>";
		};
		B0C274B9289CC3D10050B192 /* MyGreeter */ = {
			isa = PBXGroup;
			children = (
				B0C274BA289CC3D10050B192 /* AppDelegate.h */,
				B0C274BB289CC3D10050B192 /* AppDelegate.m */,
				B0C274BD289CC3D10050B192 /* SceneDelegate.h */,
				B0C274BE289CC3D10050B192 /* SceneDelegate.m */,
				B0C274C0289CC3D10050B192 /* ViewController.h */,
				B0C274C1289CC3D10050B192 /* ViewController.m */,
				B0C274EF289CC4BD0050B192 /* MyGreeter.h */,
				B0C274F0289CC4BD0050B192 /* MyGreeter.m */,
				B0C274C3289CC3D10050B192 /* Main.storyboard */,
				B0C274C6289CC3D80050B192 /* Assets.xcassets */,
				B0C274C8289CC3D80050B192 /* LaunchScreen.storyboard */,
				B0C274CB289CC3D80050B192 /* Info.plist */,
				B0C274CC289CC3D80050B192 /* main.m */,
			);
			path = MyGreeter;
			sourceTree = "<group>";
		};
		B0C274D5289CC3D80050B192 /* MyGreeterTests */ = {
			isa = PBXGroup;
			children = (
				B0C274D6289CC3D80050B192 /* MyGreeterTests.m */,
				B0B0FD5B28A0A5D8006C7605 /* GreeterTests.m */,
			);
			path = MyGreeterTests;
			sourceTree = "<group>";
		};
		B0C274DF289CC3D80050B192 /* MyGreeterUITests */ = {
			isa = PBXGroup;
			children = (
				B0C274E0289CC3D80050B192 /* MyGreeterUITests.m */,
				B0C274E2289CC3D80050B192 /* MyGreeterUITestsLaunchTests.m */,
			);
			path = MyGreeterUITests;
			sourceTree = "<group>";
		};
/* End PBXGroup section */

/* Begin PBXNativeTarget section */
		B0C274B6289CC3D10050B192 /* MyGreeter */ = {
			isa = PBXNativeTarget;
			buildConfigurationList = B0C274E6289CC3D80050B192 /* Build configuration list for PBXNativeTarget "MyGreeter" */;
			buildPhases = (
				B0C274B3289CC3D10050B192 /* Sources */,
				B0C274B4289CC3D10050B192 /* Frameworks */,
				B0C274B5289CC3D10050B192 /* Resources */,
			);
			buildRules = (
			);
			dependencies = (
			);
			name = MyGreeter;
			productName = MyGreeter;
			productReference = B0C274B7289CC3D10050B192 /* MyGreeter.app */;
			productType = "com.apple.product-type.application";
		};
		B0C274D1289CC3D80050B192 /* MyGreeterTests */ = {
			isa = PBXNativeTarget;
			buildConfigurationList = B0C274E9289CC3D80050B192 /* Build configuration list for PBXNativeTarget "MyGreeterTests" */;
			buildPhases = (
				B0C274CE289CC3D80050B192 /* Sources */,
				B0C274CF289CC3D80050B192 /* Frameworks */,
				B0C274D0289CC3D80050B192 /* Resources */,
			);
			buildRules = (
			);
			dependencies = (
				B0C274D4289CC3D80050B192 /* PBXTargetDependency */,
			);
			name = MyGreeterTests;
			productName = MyGreeterTests;
			productReference = B0C274D2289CC3D80050B192 /* MyGreeterTests.xctest */;
			productType = "com.apple.product-type.bundle.unit-test";
		};
		B0C274DB289CC3D80050B192 /* MyGreeterUITests */ = {
			isa = PBXNativeTarget;
			buildConfigurationList = B0C274EC289CC3D80050B192 /* Build configuration list for PBXNativeTarget "MyGreeterUITests" */;
			buildPhases = (
				B0C274D8289CC3D80050B192 /* Sources */,
				B0C274D9289CC3D80050B192 /* Frameworks */,
				B0C274DA289CC3D80050B192 /* Resources */,
			);
			buildRules = (
			);
			dependencies = (
				B0C274DE289CC3D80050B192 /* PBXTargetDependency */,
			);
			name = MyGreeterUITests;
			productName = MyGreeterUITests;
			productReference = B0C274DC289CC3D80050B192 /* MyGreeterUITests.xctest */;
			productType = "com.apple.product-type.bundle.ui-testing";
		};
/* End PBXNativeTarget section */

/* Begin PBXProject section */
		B0C274AF289CC3D00050B192 /* Project object */ = {
			isa = PBXProject;
			attributes = {
				BuildIndependentTargetsInParallel = 1;
				LastUpgradeCheck = 1340;
				TargetAttributes = {
					B0C274B6289CC3D10050B192 = {
						CreatedOnToolsVersion = 13.4;
					};
					B0C274D1289CC3D80050B192 = {
						CreatedOnToolsVersion = 13.4;
						TestTargetID = B0C274B6289CC3D10050B192;
					};
					B0C274DB289CC3D80050B192 = {
						CreatedOnToolsVersion = 13.4;
						TestTargetID = B0C274B6289CC3D10050B192;
					};
				};
			};
			buildConfigurationList = B0C274B2289CC3D00050B192 /* Build configuration list for PBXProject "MyGreeter" */;
			compatibilityVersion = "Xcode 13.0";
			developmentRegion = en;
			hasScannedForEncodings = 0;
			knownRegions = (
				en,
				Base,
			);
			mainGroup = B0C274AE289CC3D00050B192;
			productRefGroup = B0C274B8289CC3D10050B192 /* Products */;
			projectDirPath = "";
			projectRoot = "";
			targets = (
				B0C274B6289CC3D10050B192 /* MyGreeter */,
				B0C274D1289CC3D80050B192 /* MyGreeterTests */,
				B0C274DB289CC3D80050B192 /* MyGreeterUITests */,
			);
		};
/* End PBXProject section */

/* Begin PBXResourcesBuildPhase section */
		B0C274B5289CC3D10050B192 /* Resources */ = {
			isa = PBXResourcesBuildPhase;
			buildActionMask = 2147483647;
			files = (
				B0C274CA289CC3D80050B192 /* LaunchScreen.storyboard in Resources */,
				B0C274C7289CC3D80050B192 /* Assets.xcassets in Resources */,
				B0C274C5289CC3D10050B192 /* Main.storyboard in Resources */,
			);
			runOnlyForDeploymentPostprocessing = 0;
		};
		B0C274D0289CC3D80050B192 /* Resources */ = {
			isa = PBXResourcesBuildPhase;
			buildActionMask = 2147483647;
			files = (
			);
			runOnlyForDeploymentPostprocessing = 0;
		};
		B0C274DA289CC3D80050B192 /* Resources */ = {
			isa = PBXResourcesBuildPhase;
			buildActionMask = 2147483647;
			files = (
			);
			runOnlyForDeploymentPostprocessing = 0;
		};
/* End PBXResourcesBuildPhase section */

/* Begin PBXSourcesBuildPhase section */
		B0C274B3289CC3D10050B192 /* Sources */ = {
			isa = PBXSourcesBuildPhase;
			buildActionMask = 2147483647;
			files = (
				B0C274C2289CC3D10050B192 /* ViewController.m in Sources */,
				B0C274BC289CC3D10050B192 /* AppDelegate.m in Sources */,
				B0C274F1289CC4BD0050B192 /* MyGreeter.m in Sources */,
				B0C274CD289CC3D80050B192 /* main.m in Sources */,
				B0C274BF289CC3D10050B192 /* SceneDelegate.m in Sources */,
			);
			runOnlyForDeploymentPostprocessing = 0;
		};
		B0C274CE289CC3D80050B192 /* Sources */ = {
			isa = PBXSourcesBuildPhase;
			buildActionMask = 2147483647;
			files = (
				B0B0FD5C28A0A5D8006C7605 /* GreeterTests.m in Sources */,
				B0C274D7289CC3D80050B192 /* MyGreeterTests.m in Sources */,
			);
			runOnlyForDeploymentPostprocessing = 0;
		};
		B0C274D8289CC3D80050B192 /* Sources */ = {
			isa = PBXSourcesBuildPhase;
			buildActionMask = 2147483647;
			files = (
				B0C274E1289CC3D80050B192 /* MyGreeterUITests.m in Sources */,
				B0C274E3289CC3D80050B192 /* MyGreeterUITestsLaunchTests.m in Sources */,
			);
			runOnlyForDeploymentPostprocessing = 0;
		};
/* End PBXSourcesBuildPhase section */

/* Begin PBXTargetDependency section */
		B0C274D4289CC3D80050B192 /* PBXTargetDependency */ = {
			isa = PBXTargetDependency;
			target = B0C274B6289CC3D10050B192 /* MyGreeter */;
			targetProxy = B0C274D3289CC3D80050B192 /* PBXContainerItemProxy */;
		};
		B0C274DE289CC3D80050B192 /* PBXTargetDependency */ = {
			isa = PBXTargetDependency;
			target = B0C274B6289CC3D10050B192 /* MyGreeter */;
			targetProxy = B0C274DD289CC3D80050B192 /* PBXContainerItemProxy */;
		};
/* End PBXTargetDependency section */

/* Begin PBXVariantGroup section */
		B0C274C3289CC3D10050B192 /* Main.storyboard */ = {
			isa = PBXVariantGroup;
			children = (
				B0C274C4289CC3D10050B192 /* Base */,
			);
			name = Main.storyboard;
			sourceTree = "<group>";
		};
		B0C274C8289CC3D80050B192 /* LaunchScreen.storyboard */ = {
			isa = PBXVariantGroup;
			children = (
				B0C274C9289CC3D80050B192 /* Base */,
			);
			name = LaunchScreen.storyboard;
			sourceTree = "<group>";
		};
/* End PBXVariantGroup section */

/* Begin XCBuildConfiguration section */
		B0C274E4289CC3D80050B192 /* Debug */ = {
			isa = XCBuildConfiguration;
			buildSettings = {
				ALWAYS_SEARCH_USER_PATHS = NO;
				CLANG_ANALYZER_NONNULL = YES;
				CLANG_ANALYZER_NUMBER_OBJECT_CONVERSION = YES_AGGRESSIVE;
				CLANG_CXX_LANGUAGE_STANDARD = "gnu++17";
				CLANG_ENABLE_MODULES = YES;
				CLANG_ENABLE_OBJC_ARC = YES;
				CLANG_ENABLE_OBJC_WEAK = YES;
				CLANG_WARN_BLOCK_CAPTURE_AUTORELEASING = YES;
				CLANG_WARN_BOOL_CONVERSION = YES;
				CLANG_WARN_COMMA = YES;
				CLANG_WARN_CONSTANT_CONVERSION = YES;
				CLANG_WARN_DEPRECATED_OBJC_IMPLEMENTATIONS = YES;
				CLANG_WARN_DIRECT_OBJC_ISA_USAGE = YES_ERROR;
				CLANG_WARN_DOCUMENTATION_COMMENTS = YES;
				CLANG_WARN_EMPTY_BODY = YES;
				CLANG_WARN_ENUM_CONVERSION = YES;
				CLANG_WARN_INFINITE_RECURSION = YES;
				CLANG_WARN_INT_CONVERSION = YES;
				CLANG_WARN_NON_LITERAL_NULL_CONVERSION = YES;
				CLANG_WARN_OBJC_IMPLICIT_RETAIN_SELF = YES;
				CLANG_WARN_OBJC_LITERAL_CONVERSION = YES;
				CLANG_WARN_OBJC_ROOT_CLASS = YES_ERROR;
				CLANG_WARN_QUOTED_INCLUDE_IN_FRAMEWORK_HEADER = YES;
				CLANG_WARN_RANGE_LOOP_ANALYSIS = YES;
				CLANG_WARN_STRICT_PROTOTYPES = YES;
				CLANG_WARN_SUSPICIOUS_MOVE = YES;
				CLANG_WARN_UNGUARDED_AVAILABILITY = YES_AGGRESSIVE;
				CLANG_WARN_UNREACHABLE_CODE = YES;
				CLANG_WARN__DUPLICATE_METHOD_MATCH = YES;
				COPY_PHASE_STRIP = NO;
				DEBUG_INFORMATION_FORMAT = dwarf;
				ENABLE_STRICT_OBJC_MSGSEND = YES;
				ENABLE_TESTABILITY = YES;
				GCC_C_LANGUAGE_STANDARD = gnu11;
				GCC_DYNAMIC_NO_PIC = NO;
				GCC_NO_COMMON_BLOCKS = YES;
				GCC_OPTIMIZATION_LEVEL = 0;
				GCC_PREPROCESSOR_DEFINITIONS = (
					"DEBUG=1",
					"$(inherited)",
				);
				GCC_WARN_64_TO_32_BIT_CONVERSION = YES;
				GCC_WARN_ABOUT_RETURN_TYPE = YES_ERROR;
				GCC_WARN_UNDECLARED_SELECTOR = YES;
				GCC_WARN_UNINITIALIZED_AUTOS = YES_AGGRESSIVE;
				GCC_WARN_UNUSED_FUNCTION = YES;
				GCC_WARN_UNUSED_VARIABLE = YES;
				IPHONEOS_DEPLOYMENT_TARGET = 15.5;
				MTL_ENABLE_DEBUG_INFO = INCLUDE_SOURCE;
				MTL_FAST_MATH = YES;
				ONLY_ACTIVE_ARCH = YES;
				SDKROOT = iphoneos;
			};
			name = Debug;
		};
		B0C274E5289CC3D80050B192 /* Release */ = {
			isa = XCBuildConfiguration;
			buildSettings = {
				ALWAYS_SEARCH_USER_PATHS = NO;
				CLANG_ANALYZER_NONNULL = YES;
				CLANG_ANALYZER_NUMBER_OBJECT_CONVERSION = YES_AGGRESSIVE;
				CLANG_CXX_LANGUAGE_STANDARD = "gnu++17";
				CLANG_ENABLE_MODULES = YES;
				CLANG_ENABLE_OBJC_ARC = YES;
				CLANG_ENABLE_OBJC_WEAK = YES;
				CLANG_WARN_BLOCK_CAPTURE_AUTORELEASING = YES;
				CLANG_WARN_BOOL_CONVERSION = YES;
				CLANG_WARN_COMMA = YES;
				CLANG_WARN_CONSTANT_CONVERSION = YES;
				CLANG_WARN_DEPRECATED_OBJC_IMPLEMENTATIONS = YES;
				CLANG_WARN_DIRECT_OBJC_ISA_USAGE = YES_ERROR;
				CLANG_WARN_DOCUMENTATION_COMMENTS = YES;
				CLANG_WARN_EMPTY_BODY = YES;
				CLANG_WARN_ENUM_CONVERSION = YES;
				CLANG_WARN_INFINITE_RECURSION = YES;
				CLANG_WARN_INT_CONVERSION = YES;
				CLANG_WARN_NON_LITERAL_NULL_CONVERSION = YES;
				CLANG_WARN_OBJC_IMPLICIT_RETAIN_SELF = YES;
				CLANG_WARN_OBJC_LITERAL_CONVERSION = YES;
				CLANG_WARN_OBJC_ROOT_CLASS = YES_ERROR;
				CLANG_WARN_QUOTED_INCLUDE_IN_FRAMEWORK_HEADER = YES;
				CLANG_WARN_RANGE_LOOP_ANALYSIS = YES;
				CLANG_WARN_STRICT_PROTOTYPES = YES;
				CLANG_WARN_SUSPICIOUS_MOVE = YES;
				CLANG_WARN_UNGUARDED_AVAILABILITY = YES_AGGRESSIVE;
				CLANG_WARN_UNREACHABLE_CODE = YES;
				CLANG_WARN__DUPLICATE_METHOD_MATCH = YES;
				COPY_PHASE_STRIP = NO;
				DEBUG_INFORMATION_FORMAT = "dwarf-with-dsym";
				ENABLE_NS_ASSERTIONS = NO;
				ENABLE_STRICT_OBJC_MSGSEND = YES;
				GCC_C_LANGUAGE_STANDARD = gnu11;
				GCC_NO_COMMON_BLOCKS = YES;
				GCC_WARN_64_TO_32_BIT_CONVERSION = YES;
				GCC_WARN_ABOUT_RETURN_TYPE = YES_ERROR;
				GCC_WARN_UNDECLARED_SELECTOR = YES;
				GCC_WARN_UNINITIALIZED_AUTOS = YES_AGGRESSIVE;
				GCC_WARN_UNUSED_FUNCTION = YES;
				GCC_WARN_UNUSED_VARIABLE = YES;
				IPHONEOS_DEPLOYMENT_TARGET = 15.5;
				MTL_ENABLE_DEBUG_INFO = NO;
				MTL_FAST_MATH = YES;
				SDKROOT = iphoneos;
				VALIDATE_PRODUCT = YES;
			};
			name = Release;
		};
		B0C274E7289CC3D80050B192 /* Debug */ = {
			isa = XCBuildConfiguration;
			buildSettings = {
				ASSETCATALOG_COMPILER_APPICON_NAME = AppIcon;
				ASSETCATALOG_COMPILER_GLOBAL_ACCENT_COLOR_NAME = AccentColor;
				CODE_SIGN_STYLE = Automatic;
				CURRENT_PROJECT_VERSION = 1;
				GENERATE_INFOPLIST_FILE = YES;
				INFOPLIST_FILE = MyGreeter/Info.plist;
				INFOPLIST_KEY_UIApplicationSupportsIndirectInputEvents = YES;
				INFOPLIST_KEY_UILaunchStoryboardName = LaunchScreen;
				INFOPLIST_KEY_UIMainStoryboardFile = Main;
				INFOPLIST_KEY_UISupportedInterfaceOrientations_iPad = "UIInterfaceOrientationPortrait UIInterfaceOrientationPortraitUpsideDown UIInterfaceOrientationLandscapeLeft UIInterfaceOrientationLandscapeRight";
				INFOPLIST_KEY_UISupportedInterfaceOrientations_iPhone = "UIInterfaceOrientationPortrait UIInterfaceOrientationLandscapeLeft UIInterfaceOrientationLandscapeRight";
				LD_RUNPATH_SEARCH_PATHS = (
					"$(inherited)",
					"@executable_path/Frameworks",
				);
				MARKETING_VERSION = 1.0;
				PRODUCT_BUNDLE_IDENTIFIER = "hauler-lord.MyGreeter";
				PRODUCT_NAME = "$(TARGET_NAME)";
				SWIFT_EMIT_LOC_STRINGS = YES;
				TARGETED_DEVICE_FAMILY = "1,2";
			};
			name = Debug;
		};
		B0C274E8289CC3D80050B192 /* Release */ = {
			isa = XCBuildConfiguration;
			buildSettings = {
				ASSETCATALOG_COMPILER_APPICON_NAME = AppIcon;
				ASSETCATALOG_COMPILER_GLOBAL_ACCENT_COLOR_NAME = AccentColor;
				CODE_SIGN_STYLE = Automatic;
				CURRENT_PROJECT_VERSION = 1;
				GENERATE_INFOPLIST_FILE = YES;
				INFOPLIST_FILE = MyGreeter/Info.plist;
				INFOPLIST_KEY_UIApplicationSupportsIndirectInputEvents = YES;
				INFOPLIST_KEY_UILaunchStoryboardName = LaunchScreen;
				INFOPLIST_KEY_UIMainStoryboardFile = Main;
				INFOPLIST_KEY_UISupportedInterfaceOrientations_iPad = "UIInterfaceOrientationPortrait UIInterfaceOrientationPortraitUpsideDown UIInterfaceOrientationLandscapeLeft UIInterfaceOrientationLandscapeRight";
				INFOPLIST_KEY_UISupportedInterfaceOrientations_iPhone = "UIInterfaceOrientationPortrait UIInterfaceOrientationLandscapeLeft UIInterfaceOrientationLandscapeRight";
				LD_RUNPATH_SEARCH_PATHS = (
					"$(inherited)",
					"@executable_path/Frameworks",
				);
				MARKETING_VERSION = 1.0;
				PRODUCT_BUNDLE_IDENTIFIER = "hauler-lord.MyGreeter";
				PRODUCT_NAME = "$(TARGET_NAME)";
				SWIFT_EMIT_LOC_STRINGS = YES;
				TARGETED_DEVICE_FAMILY = "1,2";
			};
			name = Release;
		};
		B0C274EA289CC3D80050B192 /* Debug */ = {
			isa = XCBuildConfiguration;
			buildSettings = {
				BUNDLE_LOADER = "$(TEST_HOST)";
				CODE_SIGN_STYLE = Automatic;
				CURRENT_PROJECT_VERSION = 1;
				GENERATE_INFOPLIST_FILE = YES;
				IPHONEOS_DEPLOYMENT_TARGET = 15.5;
				MARKETING_VERSION = 1.0;
				PRODUCT_BUNDLE_IDENTIFIER = "hauler-lord.MyGreeterTests";
				PRODUCT_NAME = "$(TARGET_NAME)";
				SWIFT_EMIT_LOC_STRINGS = NO;
				TARGETED_DEVICE_FAMILY = "1,2";
				TEST_HOST = "$(BUILT_PRODUCTS_DIR)/MyGreeter.app/MyGreeter";
			};
			name = Debug;
		};
		B0C274EB289CC3D80050B192 /* Release */ = {
			isa = XCBuildConfiguration;
			buildSettings = {
				BUNDLE_LOADER = "$(TEST_HOST)";
				CODE_SIGN_STYLE = Automatic;
				CURRENT_PROJECT_VERSION = 1;
				GENERATE_INFOPLIST_FILE = YES;
				IPHONEOS_DEPLOYMENT_TARGET = 15.5;
				MARKETING_VERSION = 1.0;
				PRODUCT_BUNDLE_IDENTIFIER = "hauler-lord.MyGreeterTests";
				PRODUCT_NAME = "$(TARGET_NAME)";
				SWIFT_EMIT_LOC_STRINGS = NO;
				TARGETED_DEVICE_FAMILY = "1,2";
				TEST_HOST = "$(BUILT_PRODUCTS_DIR)/MyGreeter.app/MyGreeter";
			};
			name = Release;
		};
		B0C274ED289CC3D80050B192 /* Debug */ = {
			isa = XCBuildConfiguration;
			buildSettings = {
				CODE_SIGN_STYLE = Automatic;
				CURRENT_PROJECT_VERSION = 1;
				GENERATE_INFOPLIST_FILE = YES;
				MARKETING_VERSION = 1.0;
				PRODUCT_BUNDLE_IDENTIFIER = "hauler-lord.MyGreeterUITests";
				PRODUCT_NAME = "$(TARGET_NAME)";
				SWIFT_EMIT_LOC_STRINGS = NO;
				TARGETED_DEVICE_FAMILY = "1,2";
				TEST_TARGET_NAME = MyGreeter;
			};
			name = Debug;
		};
		B0C274EE289CC3D80050B192 /* Release */ = {
			isa = XCBuildConfiguration;
			buildSettings = {
				CODE_SIGN_STYLE = Automatic;
				CURRENT_PROJECT_VERSION = 1;
				GENERATE_INFOPLIST_FILE = YES;
				MARKETING_VERSION = 1.0;
				PRODUCT_BUNDLE_IDENTIFIER = "hauler-lord.MyGreeterUITests";
				PRODUCT_NAME = "$(TARGET_NAME)";
				SWIFT_EMIT_LOC_STRINGS = NO;
				TARGETED_DEVICE_FAMILY = "1,2";
				TEST_TARGET_NAME = MyGreeter;
			};
			name = Release;
		};
/* End XCBuildConfiguration section */

/* Begin XCConfigurationList section */
		B0C274B2289CC3D00050B192 /* Build configuration list for PBXProject "MyGreeter" */ = {
			isa = XCConfigurationList;
			buildConfigurations = (
				B0C274E4289CC3D80050B192 /* Debug */,
				B0C274E5289CC3D80050B192 /* Release */,
			);
			defaultConfigurationIsVisible = 0;
			defaultConfigurationName = Release;
		};
		B0C274E6289CC3D80050B192 /* Build configuration list for PBXNativeTarget "MyGreeter" */ = {
			isa = XCConfigurationList;
			buildConfigurations = (
				B0C274E7289CC3D80050B192 /* Debug */,
				B0C274E8289CC3D80050B192 /* Release */,
			);
			defaultConfigurationIsVisible = 0;
			defaultConfigurationName = Release;
		};
		B0C274E9289CC3D80050B192 /* Build configuration list for PBXNativeTarget "MyGreeterTests" */ = {
			isa = XCConfigurationList;
			buildConfigurations = (
				B0C274EA289CC3D80050B192 /* Debug */,
				B0C274EB289CC3D80050B192 /* Release */,
			);
			defaultConfigurationIsVisible = 0;
			defaultConfigurationName = Release;
		};
		B0C274EC289CC3D80050B192 /* Build configuration list for PBXNativeTarget "MyGreeterUITests" */ = {
			isa = XCConfigurationList;
			buildConfigurations = (
				B0C274ED289CC3D80050B192 /* Debug */,
				B0C274EE289CC3D80050B192 /* Release */,
			);
			defaultConfigurationIsVisible = 0;
			defaultConfigurationName = Release;
		};
/* End XCConfigurationList section */
	};
	rootObject = B0C274AF289CC3D00050B192 /* Project object */;
}
